
Microsoft Visual Studio Solution File, Format Version 12.00
# Visual Studio 14
VisualStudioVersion = 14.0.25420.1
MinimumVisualStudioVersion = 10.0.40219.1
Project("{FAE04EC0-301F-11D3-BF4B-00C04F79EFBC}") = "Arxius.Tests", "..\Arxius.Tests\Arxius.Tests.csproj", "{2E0A444C-8845-400D-B095-A48CAED281E7}"
EndProject
Project("{FAE04EC0-301F-11D3-BF4B-00C04F79EFBC}") = "Arxius.UserIntreface", "..\Arxius.UserIntreface\Arxius.UserIntreface\Arxius.UserIntreface.csproj", "{CD364EAD-37CC-4F14-9C2D-5B9B0D82BC45}"
EndProject
Project("{FAE04EC0-301F-11D3-BF4B-00C04F79EFBC}") = "Arxius.UserIntreface.Droid", "..\Arxius.UserIntreface\Arxius.UserIntreface.Droid\Arxius.UserIntreface.Droid.csproj", "{179C7B01-10C8-4127-82F1-5D4373B0FB89}"
EndProject
Project("{FAE04EC0-301F-11D3-BF4B-00C04F79EFBC}") = "Arxius.UserIntreface.iOS", "..\Arxius.UserIntreface\Arxius.UserIntreface.iOS\Arxius.UserIntreface.iOS.csproj", "{9C7A2A41-7FA6-4FC5-9ECF-EA082FC5DD81}"
EndProject
Project("{FAE04EC0-301F-11D3-BF4B-00C04F79EFBC}") = "Arxius.UserIntreface.WinPhone", "..\Arxius.UserIntreface\Arxius.UserIntreface.WinPhone\Arxius.UserIntreface.WinPhone.csproj", "{456CB9F8-1D31-460C-AD5B-624FB7AAC074}"
EndProject
Project("{FAE04EC0-301F-11D3-BF4B-00C04F79EFBC}") = "Arxius.UserIntreface.UWP", "..\Arxius.UserIntreface\Arxius.UserIntreface.UWP\Arxius.UserIntreface.UWP.csproj", "{E5C90C45-EE94-44FF-BE5A-A5B4E41B1C11}"
EndProject
Project("{FAE04EC0-301F-11D3-BF4B-00C04F79EFBC}") = "Arxius.UserIntreface.Windows", "..\Arxius.UserIntreface\Arxius.UserIntreface.Windows\Arxius.UserIntreface.Windows.csproj", "{27A5E967-5656-453B-BEC9-9C7B093FC265}"
EndProject
Project("{FAE04EC0-301F-11D3-BF4B-00C04F79EFBC}") = "Arxius.DataAccess.PCL", "..\Arxius.DataAccess.PCL\Arxius.DataAccess.PCL.csproj", "{67F9D3A8-F71E-4428-913F-C37AE82CDB24}"
EndProject
Project("{FAE04EC0-301F-11D3-BF4B-00C04F79EFBC}") = "Arxius.Services.PCL", "..\Arxius.Services.PCL\Arxius.Services.PCL.csproj", "{94FEEC16-62D2-4F71-9A1C-3DC74BC12130}"
EndProject
Project("{2150E333-8FDC-42A3-9474-1A3956D46DE8}") = "Unaval", "Unaval", "{BA8D3666-DA6F-4D3F-9623-8890C459C2F7}"
EndProject
Global
	GlobalSection(SolutionConfigurationPlatforms) = preSolution
		Ad-Hoc|Any CPU = Ad-Hoc|Any CPU
		Ad-Hoc|ARM = Ad-Hoc|ARM
		Ad-Hoc|iPhone = Ad-Hoc|iPhone
		Ad-Hoc|iPhoneSimulator = Ad-Hoc|iPhoneSimulator
		Ad-Hoc|x64 = Ad-Hoc|x64
		Ad-Hoc|x86 = Ad-Hoc|x86
		AppStore|Any CPU = AppStore|Any CPU
		AppStore|ARM = AppStore|ARM
		AppStore|iPhone = AppStore|iPhone
		AppStore|iPhoneSimulator = AppStore|iPhoneSimulator
		AppStore|x64 = AppStore|x64
		AppStore|x86 = AppStore|x86
		Debug|Any CPU = Debug|Any CPU
		Debug|ARM = Debug|ARM
		Debug|iPhone = Debug|iPhone
		Debug|iPhoneSimulator = Debug|iPhoneSimulator
		Debug|x64 = Debug|x64
		Debug|x86 = Debug|x86
		Release|Any CPU = Release|Any CPU
		Release|ARM = Release|ARM
		Release|iPhone = Release|iPhone
		Release|iPhoneSimulator = Release|iPhoneSimulator
		Release|x64 = Release|x64
		Release|x86 = Release|x86
	EndGlobalSection
	GlobalSection(ProjectConfigurationPlatforms) = postSolution
		{2E0A444C-8845-400D-B095-A48CAED281E7}.Ad-Hoc|Any CPU.ActiveCfg = Release|Any CPU
		{2E0A444C-8845-400D-B095-A48CAED281E7}.Ad-Hoc|Any CPU.Build.0 = Release|Any CPU
		{2E0A444C-8845-400D-B095-A48CAED281E7}.Ad-Hoc|ARM.ActiveCfg = Debug|Any CPU
		{2E0A444C-8845-400D-B095-A48CAED281E7}.Ad-Hoc|ARM.Build.0 = Debug|Any CPU
		{2E0A444C-8845-400D-B095-A48CAED281E7}.Ad-Hoc|iPhone.ActiveCfg = Release|Any CPU
		{2E0A444C-8845-400D-B095-A48CAED281E7}.Ad-Hoc|iPhone.Build.0 = Release|Any CPU
		{2E0A444C-8845-400D-B095-A48CAED281E7}.Ad-Hoc|iPhoneSimulator.ActiveCfg = Release|Any CPU
		{2E0A444C-8845-400D-B095-A48CAED281E7}.Ad-Hoc|iPhoneSimulator.Build.0 = Release|Any CPU
		{2E0A444C-8845-400D-B095-A48CAED281E7}.Ad-Hoc|x64.ActiveCfg = Debug|Any CPU
		{2E0A444C-8845-400D-B095-A48CAED281E7}.Ad-Hoc|x64.Build.0 = Debug|Any CPU
		{2E0A444C-8845-400D-B095-A48CAED281E7}.Ad-Hoc|x86.ActiveCfg = Debug|Any CPU
		{2E0A444C-8845-400D-B095-A48CAED281E7}.Ad-Hoc|x86.Build.0 = Debug|Any CPU
		{2E0A444C-8845-400D-B095-A48CAED281E7}.AppStore|Any CPU.ActiveCfg = Release|Any CPU
		{2E0A444C-8845-400D-B095-A48CAED281E7}.AppStore|Any CPU.Build.0 = Release|Any CPU
		{2E0A444C-8845-400D-B095-A48CAED281E7}.AppStore|ARM.ActiveCfg = Debug|Any CPU
		{2E0A444C-8845-400D-B095-A48CAED281E7}.AppStore|ARM.Build.0 = Debug|Any CPU
		{2E0A444C-8845-400D-B095-A48CAED281E7}.AppStore|iPhone.ActiveCfg = Release|Any CPU
		{2E0A444C-8845-400D-B095-A48CAED281E7}.AppStore|iPhone.Build.0 = Release|Any CPU
		{2E0A444C-8845-400D-B095-A48CAED281E7}.AppStore|iPhoneSimulator.ActiveCfg = Release|Any CPU
		{2E0A444C-8845-400D-B095-A48CAED281E7}.AppStore|iPhoneSimulator.Build.0 = Release|Any CPU
		{2E0A444C-8845-400D-B095-A48CAED281E7}.AppStore|x64.ActiveCfg = Debug|Any CPU
		{2E0A444C-8845-400D-B095-A48CAED281E7}.AppStore|x64.Build.0 = Debug|Any CPU
		{2E0A444C-8845-400D-B095-A48CAED281E7}.AppStore|x86.ActiveCfg = Debug|Any CPU
		{2E0A444C-8845-400D-B095-A48CAED281E7}.AppStore|x86.Build.0 = Debug|Any CPU
		{2E0A444C-8845-400D-B095-A48CAED281E7}.Debug|Any CPU.ActiveCfg = Debug|Any CPU
		{2E0A444C-8845-400D-B095-A48CAED281E7}.Debug|Any CPU.Build.0 = Debug|Any CPU
		{2E0A444C-8845-400D-B095-A48CAED281E7}.Debug|ARM.ActiveCfg = Debug|Any CPU
		{2E0A444C-8845-400D-B095-A48CAED281E7}.Debug|ARM.Build.0 = Debug|Any CPU
		{2E0A444C-8845-400D-B095-A48CAED281E7}.Debug|iPhone.ActiveCfg = Debug|Any CPU
		{2E0A444C-8845-400D-B095-A48CAED281E7}.Debug|iPhone.Build.0 = Debug|Any CPU
		{2E0A444C-8845-400D-B095-A48CAED281E7}.Debug|iPhoneSimulator.ActiveCfg = Debug|Any CPU
		{2E0A444C-8845-400D-B095-A48CAED281E7}.Debug|iPhoneSimulator.Build.0 = Debug|Any CPU
		{2E0A444C-8845-400D-B095-A48CAED281E7}.Debug|x64.ActiveCfg = Debug|Any CPU
		{2E0A444C-8845-400D-B095-A48CAED281E7}.Debug|x64.Build.0 = Debug|Any CPU
		{2E0A444C-8845-400D-B095-A48CAED281E7}.Debug|x86.ActiveCfg = Debug|Any CPU
		{2E0A444C-8845-400D-B095-A48CAED281E7}.Debug|x86.Build.0 = Debug|Any CPU
		{2E0A444C-8845-400D-B095-A48CAED281E7}.Release|Any CPU.ActiveCfg = Release|Any CPU
		{2E0A444C-8845-400D-B095-A48CAED281E7}.Release|Any CPU.Build.0 = Release|Any CPU
		{2E0A444C-8845-400D-B095-A48CAED281E7}.Release|ARM.ActiveCfg = Release|Any CPU
		{2E0A444C-8845-400D-B095-A48CAED281E7}.Release|ARM.Build.0 = Release|Any CPU
		{2E0A444C-8845-400D-B095-A48CAED281E7}.Release|iPhone.ActiveCfg = Release|Any CPU
		{2E0A444C-8845-400D-B095-A48CAED281E7}.Release|iPhone.Build.0 = Release|Any CPU
		{2E0A444C-8845-400D-B095-A48CAED281E7}.Release|iPhoneSimulator.ActiveCfg = Release|Any CPU
		{2E0A444C-8845-400D-B095-A48CAED281E7}.Release|iPhoneSimulator.Build.0 = Release|Any CPU
		{2E0A444C-8845-400D-B095-A48CAED281E7}.Release|x64.ActiveCfg = Release|Any CPU
		{2E0A444C-8845-400D-B095-A48CAED281E7}.Release|x64.Build.0 = Release|Any CPU
		{2E0A444C-8845-400D-B095-A48CAED281E7}.Release|x86.ActiveCfg = Release|Any CPU
		{2E0A444C-8845-400D-B095-A48CAED281E7}.Release|x86.Build.0 = Release|Any CPU
		{CD364EAD-37CC-4F14-9C2D-5B9B0D82BC45}.Ad-Hoc|Any CPU.ActiveCfg = Release|Any CPU
		{CD364EAD-37CC-4F14-9C2D-5B9B0D82BC45}.Ad-Hoc|Any CPU.Build.0 = Release|Any CPU
		{CD364EAD-37CC-4F14-9C2D-5B9B0D82BC45}.Ad-Hoc|ARM.ActiveCfg = Release|Any CPU
		{CD364EAD-37CC-4F14-9C2D-5B9B0D82BC45}.Ad-Hoc|ARM.Build.0 = Release|Any CPU
		{CD364EAD-37CC-4F14-9C2D-5B9B0D82BC45}.Ad-Hoc|iPhone.ActiveCfg = Release|Any CPU
		{CD364EAD-37CC-4F14-9C2D-5B9B0D82BC45}.Ad-Hoc|iPhone.Build.0 = Release|Any CPU
		{CD364EAD-37CC-4F14-9C2D-5B9B0D82BC45}.Ad-Hoc|iPhoneSimulator.ActiveCfg = Release|Any CPU
		{CD364EAD-37CC-4F14-9C2D-5B9B0D82BC45}.Ad-Hoc|iPhoneSimulator.Build.0 = Release|Any CPU
		{CD364EAD-37CC-4F14-9C2D-5B9B0D82BC45}.Ad-Hoc|x64.ActiveCfg = Release|Any CPU
		{CD364EAD-37CC-4F14-9C2D-5B9B0D82BC45}.Ad-Hoc|x64.Build.0 = Release|Any CPU
		{CD364EAD-37CC-4F14-9C2D-5B9B0D82BC45}.Ad-Hoc|x86.ActiveCfg = Release|Any CPU
		{CD364EAD-37CC-4F14-9C2D-5B9B0D82BC45}.Ad-Hoc|x86.Build.0 = Release|Any CPU
		{CD364EAD-37CC-4F14-9C2D-5B9B0D82BC45}.AppStore|Any CPU.ActiveCfg = Release|Any CPU
		{CD364EAD-37CC-4F14-9C2D-5B9B0D82BC45}.AppStore|Any CPU.Build.0 = Release|Any CPU
		{CD364EAD-37CC-4F14-9C2D-5B9B0D82BC45}.AppStore|ARM.ActiveCfg = Release|Any CPU
		{CD364EAD-37CC-4F14-9C2D-5B9B0D82BC45}.AppStore|ARM.Build.0 = Release|Any CPU
		{CD364EAD-37CC-4F14-9C2D-5B9B0D82BC45}.AppStore|iPhone.ActiveCfg = Release|Any CPU
		{CD364EAD-37CC-4F14-9C2D-5B9B0D82BC45}.AppStore|iPhone.Build.0 = Release|Any CPU
		{CD364EAD-37CC-4F14-9C2D-5B9B0D82BC45}.AppStore|iPhoneSimulator.ActiveCfg = Release|Any CPU
		{CD364EAD-37CC-4F14-9C2D-5B9B0D82BC45}.AppStore|iPhoneSimulator.Build.0 = Release|Any CPU
		{CD364EAD-37CC-4F14-9C2D-5B9B0D82BC45}.AppStore|x64.ActiveCfg = Release|Any CPU
		{CD364EAD-37CC-4F14-9C2D-5B9B0D82BC45}.AppStore|x64.Build.0 = Release|Any CPU
		{CD364EAD-37CC-4F14-9C2D-5B9B0D82BC45}.AppStore|x86.ActiveCfg = Release|Any CPU
		{CD364EAD-37CC-4F14-9C2D-5B9B0D82BC45}.AppStore|x86.Build.0 = Release|Any CPU
		{CD364EAD-37CC-4F14-9C2D-5B9B0D82BC45}.Debug|Any CPU.ActiveCfg = Debug|Any CPU
		{CD364EAD-37CC-4F14-9C2D-5B9B0D82BC45}.Debug|Any CPU.Build.0 = Debug|Any CPU
		{CD364EAD-37CC-4F14-9C2D-5B9B0D82BC45}.Debug|ARM.ActiveCfg = Debug|Any CPU
		{CD364EAD-37CC-4F14-9C2D-5B9B0D82BC45}.Debug|ARM.Build.0 = Debug|Any CPU
		{CD364EAD-37CC-4F14-9C2D-5B9B0D82BC45}.Debug|iPhone.ActiveCfg = Debug|Any CPU
		{CD364EAD-37CC-4F14-9C2D-5B9B0D82BC45}.Debug|iPhone.Build.0 = Debug|Any CPU
		{CD364EAD-37CC-4F14-9C2D-5B9B0D82BC45}.Debug|iPhoneSimulator.ActiveCfg = Debug|Any CPU
		{CD364EAD-37CC-4F14-9C2D-5B9B0D82BC45}.Debug|iPhoneSimulator.Build.0 = Debug|Any CPU
		{CD364EAD-37CC-4F14-9C2D-5B9B0D82BC45}.Debug|x64.ActiveCfg = Debug|Any CPU
		{CD364EAD-37CC-4F14-9C2D-5B9B0D82BC45}.Debug|x64.Build.0 = Debug|Any CPU
		{CD364EAD-37CC-4F14-9C2D-5B9B0D82BC45}.Debug|x86.ActiveCfg = Debug|Any CPU
		{CD364EAD-37CC-4F14-9C2D-5B9B0D82BC45}.Debug|x86.Build.0 = Debug|Any CPU
		{CD364EAD-37CC-4F14-9C2D-5B9B0D82BC45}.Release|Any CPU.ActiveCfg = Release|Any CPU
		{CD364EAD-37CC-4F14-9C2D-5B9B0D82BC45}.Release|Any CPU.Build.0 = Release|Any CPU
		{CD364EAD-37CC-4F14-9C2D-5B9B0D82BC45}.Release|ARM.ActiveCfg = Release|Any CPU
		{CD364EAD-37CC-4F14-9C2D-5B9B0D82BC45}.Release|ARM.Build.0 = Release|Any CPU
		{CD364EAD-37CC-4F14-9C2D-5B9B0D82BC45}.Release|iPhone.ActiveCfg = Release|Any CPU
		{CD364EAD-37CC-4F14-9C2D-5B9B0D82BC45}.Release|iPhone.Build.0 = Release|Any CPU
		{CD364EAD-37CC-4F14-9C2D-5B9B0D82BC45}.Release|iPhoneSimulator.ActiveCfg = Release|Any CPU
		{CD364EAD-37CC-4F14-9C2D-5B9B0D82BC45}.Release|iPhoneSimulator.Build.0 = Release|Any CPU
		{CD364EAD-37CC-4F14-9C2D-5B9B0D82BC45}.Release|x64.ActiveCfg = Release|Any CPU
		{CD364EAD-37CC-4F14-9C2D-5B9B0D82BC45}.Release|x64.Build.0 = Release|Any CPU
		{CD364EAD-37CC-4F14-9C2D-5B9B0D82BC45}.Release|x86.ActiveCfg = Release|Any CPU
		{CD364EAD-37CC-4F14-9C2D-5B9B0D82BC45}.Release|x86.Build.0 = Release|Any CPU
		{179C7B01-10C8-4127-82F1-5D4373B0FB89}.Ad-Hoc|Any CPU.ActiveCfg = Release|Any CPU
		{179C7B01-10C8-4127-82F1-5D4373B0FB89}.Ad-Hoc|Any CPU.Build.0 = Release|Any CPU
		{179C7B01-10C8-4127-82F1-5D4373B0FB89}.Ad-Hoc|Any CPU.Deploy.0 = Release|Any CPU
		{179C7B01-10C8-4127-82F1-5D4373B0FB89}.Ad-Hoc|ARM.ActiveCfg = Release|Any CPU
		{179C7B01-10C8-4127-82F1-5D4373B0FB89}.Ad-Hoc|ARM.Build.0 = Release|Any CPU
		{179C7B01-10C8-4127-82F1-5D4373B0FB89}.Ad-Hoc|ARM.Deploy.0 = Release|Any CPU
		{179C7B01-10C8-4127-82F1-5D4373B0FB89}.Ad-Hoc|iPhone.ActiveCfg = Release|Any CPU
		{179C7B01-10C8-4127-82F1-5D4373B0FB89}.Ad-Hoc|iPhone.Build.0 = Release|Any CPU
		{179C7B01-10C8-4127-82F1-5D4373B0FB89}.Ad-Hoc|iPhone.Deploy.0 = Release|Any CPU
		{179C7B01-10C8-4127-82F1-5D4373B0FB89}.Ad-Hoc|iPhoneSimulator.ActiveCfg = Release|Any CPU
		{179C7B01-10C8-4127-82F1-5D4373B0FB89}.Ad-Hoc|iPhoneSimulator.Build.0 = Release|Any CPU
		{179C7B01-10C8-4127-82F1-5D4373B0FB89}.Ad-Hoc|iPhoneSimulator.Deploy.0 = Release|Any CPU
		{179C7B01-10C8-4127-82F1-5D4373B0FB89}.Ad-Hoc|x64.ActiveCfg = Release|Any CPU
		{179C7B01-10C8-4127-82F1-5D4373B0FB89}.Ad-Hoc|x64.Build.0 = Release|Any CPU
		{179C7B01-10C8-4127-82F1-5D4373B0FB89}.Ad-Hoc|x64.Deploy.0 = Release|Any CPU
		{179C7B01-10C8-4127-82F1-5D4373B0FB89}.Ad-Hoc|x86.ActiveCfg = Release|Any CPU
		{179C7B01-10C8-4127-82F1-5D4373B0FB89}.Ad-Hoc|x86.Build.0 = Release|Any CPU
		{179C7B01-10C8-4127-82F1-5D4373B0FB89}.Ad-Hoc|x86.Deploy.0 = Release|Any CPU
		{179C7B01-10C8-4127-82F1-5D4373B0FB89}.AppStore|Any CPU.ActiveCfg = Release|Any CPU
		{179C7B01-10C8-4127-82F1-5D4373B0FB89}.AppStore|Any CPU.Build.0 = Release|Any CPU
		{179C7B01-10C8-4127-82F1-5D4373B0FB89}.AppStore|Any CPU.Deploy.0 = Release|Any CPU
		{179C7B01-10C8-4127-82F1-5D4373B0FB89}.AppStore|ARM.ActiveCfg = Release|Any CPU
		{179C7B01-10C8-4127-82F1-5D4373B0FB89}.AppStore|ARM.Build.0 = Release|Any CPU
		{179C7B01-10C8-4127-82F1-5D4373B0FB89}.AppStore|ARM.Deploy.0 = Release|Any CPU
		{179C7B01-10C8-4127-82F1-5D4373B0FB89}.AppStore|iPhone.ActiveCfg = Release|Any CPU
		{179C7B01-10C8-4127-82F1-5D4373B0FB89}.AppStore|iPhone.Build.0 = Release|Any CPU
		{179C7B01-10C8-4127-82F1-5D4373B0FB89}.AppStore|iPhone.Deploy.0 = Release|Any CPU
		{179C7B01-10C8-4127-82F1-5D4373B0FB89}.AppStore|iPhoneSimulator.ActiveCfg = Release|Any CPU
		{179C7B01-10C8-4127-82F1-5D4373B0FB89}.AppStore|iPhoneSimulator.Build.0 = Release|Any CPU
		{179C7B01-10C8-4127-82F1-5D4373B0FB89}.AppStore|iPhoneSimulator.Deploy.0 = Release|Any CPU
		{179C7B01-10C8-4127-82F1-5D4373B0FB89}.AppStore|x64.ActiveCfg = Release|Any CPU
		{179C7B01-10C8-4127-82F1-5D4373B0FB89}.AppStore|x64.Build.0 = Release|Any CPU
		{179C7B01-10C8-4127-82F1-5D4373B0FB89}.AppStore|x64.Deploy.0 = Release|Any CPU
		{179C7B01-10C8-4127-82F1-5D4373B0FB89}.AppStore|x86.ActiveCfg = Release|Any CPU
		{179C7B01-10C8-4127-82F1-5D4373B0FB89}.AppStore|x86.Build.0 = Release|Any CPU
		{179C7B01-10C8-4127-82F1-5D4373B0FB89}.AppStore|x86.Deploy.0 = Release|Any CPU
		{179C7B01-10C8-4127-82F1-5D4373B0FB89}.Debug|Any CPU.ActiveCfg = Debug|Any CPU
		{179C7B01-10C8-4127-82F1-5D4373B0FB89}.Debug|Any CPU.Build.0 = Debug|Any CPU
		{179C7B01-10C8-4127-82F1-5D4373B0FB89}.Debug|Any CPU.Deploy.0 = Debug|Any CPU
		{179C7B01-10C8-4127-82F1-5D4373B0FB89}.Debug|ARM.ActiveCfg = Debug|Any CPU
		{179C7B01-10C8-4127-82F1-5D4373B0FB89}.Debug|ARM.Build.0 = Debug|Any CPU
		{179C7B01-10C8-4127-82F1-5D4373B0FB89}.Debug|ARM.Deploy.0 = Debug|Any CPU
		{179C7B01-10C8-4127-82F1-5D4373B0FB89}.Debug|iPhone.ActiveCfg = Debug|Any CPU
		{179C7B01-10C8-4127-82F1-5D4373B0FB89}.Debug|iPhone.Build.0 = Debug|Any CPU
		{179C7B01-10C8-4127-82F1-5D4373B0FB89}.Debug|iPhone.Deploy.0 = Debug|Any CPU
		{179C7B01-10C8-4127-82F1-5D4373B0FB89}.Debug|iPhoneSimulator.ActiveCfg = Debug|Any CPU
		{179C7B01-10C8-4127-82F1-5D4373B0FB89}.Debug|iPhoneSimulator.Build.0 = Debug|Any CPU
		{179C7B01-10C8-4127-82F1-5D4373B0FB89}.Debug|iPhoneSimulator.Deploy.0 = Debug|Any CPU
		{179C7B01-10C8-4127-82F1-5D4373B0FB89}.Debug|x64.ActiveCfg = Debug|Any CPU
		{179C7B01-10C8-4127-82F1-5D4373B0FB89}.Debug|x64.Build.0 = Debug|Any CPU
		{179C7B01-10C8-4127-82F1-5D4373B0FB89}.Debug|x64.Deploy.0 = Debug|Any CPU
		{179C7B01-10C8-4127-82F1-5D4373B0FB89}.Debug|x86.ActiveCfg = Debug|Any CPU
		{179C7B01-10C8-4127-82F1-5D4373B0FB89}.Debug|x86.Build.0 = Debug|Any CPU
		{179C7B01-10C8-4127-82F1-5D4373B0FB89}.Debug|x86.Deploy.0 = Debug|Any CPU
		{179C7B01-10C8-4127-82F1-5D4373B0FB89}.Release|Any CPU.ActiveCfg = Release|Any CPU
		{179C7B01-10C8-4127-82F1-5D4373B0FB89}.Release|Any CPU.Build.0 = Release|Any CPU
		{179C7B01-10C8-4127-82F1-5D4373B0FB89}.Release|Any CPU.Deploy.0 = Release|Any CPU
		{179C7B01-10C8-4127-82F1-5D4373B0FB89}.Release|ARM.ActiveCfg = Release|Any CPU
		{179C7B01-10C8-4127-82F1-5D4373B0FB89}.Release|ARM.Build.0 = Release|Any CPU
		{179C7B01-10C8-4127-82F1-5D4373B0FB89}.Release|ARM.Deploy.0 = Release|Any CPU
		{179C7B01-10C8-4127-82F1-5D4373B0FB89}.Release|iPhone.ActiveCfg = Release|Any CPU
		{179C7B01-10C8-4127-82F1-5D4373B0FB89}.Release|iPhone.Build.0 = Release|Any CPU
		{179C7B01-10C8-4127-82F1-5D4373B0FB89}.Release|iPhone.Deploy.0 = Release|Any CPU
		{179C7B01-10C8-4127-82F1-5D4373B0FB89}.Release|iPhoneSimulator.ActiveCfg = Release|Any CPU
		{179C7B01-10C8-4127-82F1-5D4373B0FB89}.Release|iPhoneSimulator.Build.0 = Release|Any CPU
		{179C7B01-10C8-4127-82F1-5D4373B0FB89}.Release|iPhoneSimulator.Deploy.0 = Release|Any CPU
		{179C7B01-10C8-4127-82F1-5D4373B0FB89}.Release|x64.ActiveCfg = Release|Any CPU
		{179C7B01-10C8-4127-82F1-5D4373B0FB89}.Release|x64.Build.0 = Release|Any CPU
		{179C7B01-10C8-4127-82F1-5D4373B0FB89}.Release|x64.Deploy.0 = Release|Any CPU
		{179C7B01-10C8-4127-82F1-5D4373B0FB89}.Release|x86.ActiveCfg = Release|Any CPU
		{179C7B01-10C8-4127-82F1-5D4373B0FB89}.Release|x86.Build.0 = Release|Any CPU
		{179C7B01-10C8-4127-82F1-5D4373B0FB89}.Release|x86.Deploy.0 = Release|Any CPU
		{9C7A2A41-7FA6-4FC5-9ECF-EA082FC5DD81}.Ad-Hoc|Any CPU.ActiveCfg = Ad-Hoc|iPhone
		{9C7A2A41-7FA6-4FC5-9ECF-EA082FC5DD81}.Ad-Hoc|ARM.ActiveCfg = Ad-Hoc|iPhone
		{9C7A2A41-7FA6-4FC5-9ECF-EA082FC5DD81}.Ad-Hoc|iPhone.ActiveCfg = Ad-Hoc|iPhone
		{9C7A2A41-7FA6-4FC5-9ECF-EA082FC5DD81}.Ad-Hoc|iPhone.Build.0 = Ad-Hoc|iPhone
		{9C7A2A41-7FA6-4FC5-9ECF-EA082FC5DD81}.Ad-Hoc|iPhoneSimulator.ActiveCfg = Ad-Hoc|iPhoneSimulator
		{9C7A2A41-7FA6-4FC5-9ECF-EA082FC5DD81}.Ad-Hoc|iPhoneSimulator.Build.0 = Ad-Hoc|iPhoneSimulator
		{9C7A2A41-7FA6-4FC5-9ECF-EA082FC5DD81}.Ad-Hoc|x64.ActiveCfg = Ad-Hoc|iPhone
		{9C7A2A41-7FA6-4FC5-9ECF-EA082FC5DD81}.Ad-Hoc|x86.ActiveCfg = Ad-Hoc|iPhone
		{9C7A2A41-7FA6-4FC5-9ECF-EA082FC5DD81}.AppStore|Any CPU.ActiveCfg = AppStore|iPhone
		{9C7A2A41-7FA6-4FC5-9ECF-EA082FC5DD81}.AppStore|ARM.ActiveCfg = AppStore|iPhone
		{9C7A2A41-7FA6-4FC5-9ECF-EA082FC5DD81}.AppStore|iPhone.ActiveCfg = AppStore|iPhone
		{9C7A2A41-7FA6-4FC5-9ECF-EA082FC5DD81}.AppStore|iPhone.Build.0 = AppStore|iPhone
		{9C7A2A41-7FA6-4FC5-9ECF-EA082FC5DD81}.AppStore|iPhoneSimulator.ActiveCfg = AppStore|iPhoneSimulator
		{9C7A2A41-7FA6-4FC5-9ECF-EA082FC5DD81}.AppStore|iPhoneSimulator.Build.0 = AppStore|iPhoneSimulator
		{9C7A2A41-7FA6-4FC5-9ECF-EA082FC5DD81}.AppStore|x64.ActiveCfg = AppStore|iPhone
		{9C7A2A41-7FA6-4FC5-9ECF-EA082FC5DD81}.AppStore|x86.ActiveCfg = AppStore|iPhone
		{9C7A2A41-7FA6-4FC5-9ECF-EA082FC5DD81}.Debug|Any CPU.ActiveCfg = Debug|iPhone
		{9C7A2A41-7FA6-4FC5-9ECF-EA082FC5DD81}.Debug|ARM.ActiveCfg = Debug|iPhone
		{9C7A2A41-7FA6-4FC5-9ECF-EA082FC5DD81}.Debug|iPhone.ActiveCfg = Debug|iPhone
		{9C7A2A41-7FA6-4FC5-9ECF-EA082FC5DD81}.Debug|iPhone.Build.0 = Debug|iPhone
		{9C7A2A41-7FA6-4FC5-9ECF-EA082FC5DD81}.Debug|iPhoneSimulator.ActiveCfg = Debug|iPhoneSimulator
		{9C7A2A41-7FA6-4FC5-9ECF-EA082FC5DD81}.Debug|iPhoneSimulator.Build.0 = Debug|iPhoneSimulator
		{9C7A2A41-7FA6-4FC5-9ECF-EA082FC5DD81}.Debug|x64.ActiveCfg = Debug|iPhone
		{9C7A2A41-7FA6-4FC5-9ECF-EA082FC5DD81}.Debug|x86.ActiveCfg = Debug|iPhone
		{9C7A2A41-7FA6-4FC5-9ECF-EA082FC5DD81}.Release|Any CPU.ActiveCfg = Release|iPhone
		{9C7A2A41-7FA6-4FC5-9ECF-EA082FC5DD81}.Release|ARM.ActiveCfg = Release|iPhone
		{9C7A2A41-7FA6-4FC5-9ECF-EA082FC5DD81}.Release|iPhone.ActiveCfg = Release|iPhone
		{9C7A2A41-7FA6-4FC5-9ECF-EA082FC5DD81}.Release|iPhone.Build.0 = Release|iPhone
		{9C7A2A41-7FA6-4FC5-9ECF-EA082FC5DD81}.Release|iPhoneSimulator.ActiveCfg = Release|iPhoneSimulator
		{9C7A2A41-7FA6-4FC5-9ECF-EA082FC5DD81}.Release|iPhoneSimulator.Build.0 = Release|iPhoneSimulator
		{9C7A2A41-7FA6-4FC5-9ECF-EA082FC5DD81}.Release|x64.ActiveCfg = Release|iPhone
		{9C7A2A41-7FA6-4FC5-9ECF-EA082FC5DD81}.Release|x86.ActiveCfg = Release|iPhone
		{456CB9F8-1D31-460C-AD5B-624FB7AAC074}.Ad-Hoc|Any CPU.ActiveCfg = Release|Any CPU
		{456CB9F8-1D31-460C-AD5B-624FB7AAC074}.Ad-Hoc|Any CPU.Build.0 = Release|Any CPU
		{456CB9F8-1D31-460C-AD5B-624FB7AAC074}.Ad-Hoc|Any CPU.Deploy.0 = Release|Any CPU
		{456CB9F8-1D31-460C-AD5B-624FB7AAC074}.Ad-Hoc|ARM.ActiveCfg = Release|ARM
		{456CB9F8-1D31-460C-AD5B-624FB7AAC074}.Ad-Hoc|ARM.Build.0 = Release|ARM
		{456CB9F8-1D31-460C-AD5B-624FB7AAC074}.Ad-Hoc|ARM.Deploy.0 = Release|ARM
		{456CB9F8-1D31-460C-AD5B-624FB7AAC074}.Ad-Hoc|iPhone.ActiveCfg = Release|Any CPU
		{456CB9F8-1D31-460C-AD5B-624FB7AAC074}.Ad-Hoc|iPhone.Build.0 = Release|Any CPU
		{456CB9F8-1D31-460C-AD5B-624FB7AAC074}.Ad-Hoc|iPhone.Deploy.0 = Release|Any CPU
		{456CB9F8-1D31-460C-AD5B-624FB7AAC074}.Ad-Hoc|iPhoneSimulator.ActiveCfg = Release|Any CPU
		{456CB9F8-1D31-460C-AD5B-624FB7AAC074}.Ad-Hoc|iPhoneSimulator.Build.0 = Release|Any CPU
		{456CB9F8-1D31-460C-AD5B-624FB7AAC074}.Ad-Hoc|iPhoneSimulator.Deploy.0 = Release|Any CPU
		{456CB9F8-1D31-460C-AD5B-624FB7AAC074}.Ad-Hoc|x64.ActiveCfg = Release|Any CPU
		{456CB9F8-1D31-460C-AD5B-624FB7AAC074}.Ad-Hoc|x64.Build.0 = Release|Any CPU
		{456CB9F8-1D31-460C-AD5B-624FB7AAC074}.Ad-Hoc|x64.Deploy.0 = Release|Any CPU
		{456CB9F8-1D31-460C-AD5B-624FB7AAC074}.Ad-Hoc|x86.ActiveCfg = Release|x86
		{456CB9F8-1D31-460C-AD5B-624FB7AAC074}.Ad-Hoc|x86.Build.0 = Release|x86
		{456CB9F8-1D31-460C-AD5B-624FB7AAC074}.Ad-Hoc|x86.Deploy.0 = Release|x86
		{456CB9F8-1D31-460C-AD5B-624FB7AAC074}.AppStore|Any CPU.ActiveCfg = Release|Any CPU
		{456CB9F8-1D31-460C-AD5B-624FB7AAC074}.AppStore|Any CPU.Build.0 = Release|Any CPU
		{456CB9F8-1D31-460C-AD5B-624FB7AAC074}.AppStore|Any CPU.Deploy.0 = Release|Any CPU
		{456CB9F8-1D31-460C-AD5B-624FB7AAC074}.AppStore|ARM.ActiveCfg = Release|ARM
		{456CB9F8-1D31-460C-AD5B-624FB7AAC074}.AppStore|ARM.Build.0 = Release|ARM
		{456CB9F8-1D31-460C-AD5B-624FB7AAC074}.AppStore|ARM.Deploy.0 = Release|ARM
		{456CB9F8-1D31-460C-AD5B-624FB7AAC074}.AppStore|iPhone.ActiveCfg = Release|Any CPU
		{456CB9F8-1D31-460C-AD5B-624FB7AAC074}.AppStore|iPhone.Build.0 = Release|Any CPU
		{456CB9F8-1D31-460C-AD5B-624FB7AAC074}.AppStore|iPhone.Deploy.0 = Release|Any CPU
		{456CB9F8-1D31-460C-AD5B-624FB7AAC074}.AppStore|iPhoneSimulator.ActiveCfg = Release|Any CPU
		{456CB9F8-1D31-460C-AD5B-624FB7AAC074}.AppStore|iPhoneSimulator.Build.0 = Release|Any CPU
		{456CB9F8-1D31-460C-AD5B-624FB7AAC074}.AppStore|iPhoneSimulator.Deploy.0 = Release|Any CPU
		{456CB9F8-1D31-460C-AD5B-624FB7AAC074}.AppStore|x64.ActiveCfg = Release|Any CPU
		{456CB9F8-1D31-460C-AD5B-624FB7AAC074}.AppStore|x64.Build.0 = Release|Any CPU
		{456CB9F8-1D31-460C-AD5B-624FB7AAC074}.AppStore|x64.Deploy.0 = Release|Any CPU
		{456CB9F8-1D31-460C-AD5B-624FB7AAC074}.AppStore|x86.ActiveCfg = Release|x86
		{456CB9F8-1D31-460C-AD5B-624FB7AAC074}.AppStore|x86.Build.0 = Release|x86
		{456CB9F8-1D31-460C-AD5B-624FB7AAC074}.AppStore|x86.Deploy.0 = Release|x86
		{456CB9F8-1D31-460C-AD5B-624FB7AAC074}.Debug|Any CPU.ActiveCfg = Debug|Any CPU
		{456CB9F8-1D31-460C-AD5B-624FB7AAC074}.Debug|Any CPU.Build.0 = Debug|Any CPU
		{456CB9F8-1D31-460C-AD5B-624FB7AAC074}.Debug|Any CPU.Deploy.0 = Debug|Any CPU
		{456CB9F8-1D31-460C-AD5B-624FB7AAC074}.Debug|ARM.ActiveCfg = Debug|ARM
		{456CB9F8-1D31-460C-AD5B-624FB7AAC074}.Debug|ARM.Build.0 = Debug|ARM
		{456CB9F8-1D31-460C-AD5B-624FB7AAC074}.Debug|ARM.Deploy.0 = Debug|ARM
		{456CB9F8-1D31-460C-AD5B-624FB7AAC074}.Debug|iPhone.ActiveCfg = Debug|Any CPU
		{456CB9F8-1D31-460C-AD5B-624FB7AAC074}.Debug|iPhone.Build.0 = Debug|Any CPU
		{456CB9F8-1D31-460C-AD5B-624FB7AAC074}.Debug|iPhone.Deploy.0 = Debug|Any CPU
		{456CB9F8-1D31-460C-AD5B-624FB7AAC074}.Debug|iPhoneSimulator.ActiveCfg = Debug|Any CPU
		{456CB9F8-1D31-460C-AD5B-624FB7AAC074}.Debug|iPhoneSimulator.Build.0 = Debug|Any CPU
		{456CB9F8-1D31-460C-AD5B-624FB7AAC074}.Debug|iPhoneSimulator.Deploy.0 = Debug|Any CPU
		{456CB9F8-1D31-460C-AD5B-624FB7AAC074}.Debug|x64.ActiveCfg = Debug|Any CPU
		{456CB9F8-1D31-460C-AD5B-624FB7AAC074}.Debug|x64.Build.0 = Debug|Any CPU
		{456CB9F8-1D31-460C-AD5B-624FB7AAC074}.Debug|x64.Deploy.0 = Debug|Any CPU
		{456CB9F8-1D31-460C-AD5B-624FB7AAC074}.Debug|x86.ActiveCfg = Debug|x86
		{456CB9F8-1D31-460C-AD5B-624FB7AAC074}.Debug|x86.Build.0 = Debug|x86
		{456CB9F8-1D31-460C-AD5B-624FB7AAC074}.Debug|x86.Deploy.0 = Debug|x86
		{456CB9F8-1D31-460C-AD5B-624FB7AAC074}.Release|Any CPU.ActiveCfg = Release|Any CPU
		{456CB9F8-1D31-460C-AD5B-624FB7AAC074}.Release|Any CPU.Build.0 = Release|Any CPU
		{456CB9F8-1D31-460C-AD5B-624FB7AAC074}.Release|Any CPU.Deploy.0 = Release|Any CPU
		{456CB9F8-1D31-460C-AD5B-624FB7AAC074}.Release|ARM.ActiveCfg = Release|ARM
		{456CB9F8-1D31-460C-AD5B-624FB7AAC074}.Release|ARM.Build.0 = Release|ARM
		{456CB9F8-1D31-460C-AD5B-624FB7AAC074}.Release|ARM.Deploy.0 = Release|ARM
		{456CB9F8-1D31-460C-AD5B-624FB7AAC074}.Release|iPhone.ActiveCfg = Release|Any CPU
		{456CB9F8-1D31-460C-AD5B-624FB7AAC074}.Release|iPhone.Build.0 = Release|Any CPU
		{456CB9F8-1D31-460C-AD5B-624FB7AAC074}.Release|iPhone.Deploy.0 = Release|Any CPU
		{456CB9F8-1D31-460C-AD5B-624FB7AAC074}.Release|iPhoneSimulator.ActiveCfg = Release|Any CPU
		{456CB9F8-1D31-460C-AD5B-624FB7AAC074}.Release|iPhoneSimulator.Build.0 = Release|Any CPU
		{456CB9F8-1D31-460C-AD5B-624FB7AAC074}.Release|iPhoneSimulator.Deploy.0 = Release|Any CPU
		{456CB9F8-1D31-460C-AD5B-624FB7AAC074}.Release|x64.ActiveCfg = Release|Any CPU
		{456CB9F8-1D31-460C-AD5B-624FB7AAC074}.Release|x64.Build.0 = Release|Any CPU
		{456CB9F8-1D31-460C-AD5B-624FB7AAC074}.Release|x64.Deploy.0 = Release|Any CPU
		{456CB9F8-1D31-460C-AD5B-624FB7AAC074}.Release|x86.ActiveCfg = Release|x86
		{456CB9F8-1D31-460C-AD5B-624FB7AAC074}.Release|x86.Build.0 = Release|x86
		{456CB9F8-1D31-460C-AD5B-624FB7AAC074}.Release|x86.Deploy.0 = Release|x86
		{E5C90C45-EE94-44FF-BE5A-A5B4E41B1C11}.Ad-Hoc|Any CPU.ActiveCfg = Release|x86
		{E5C90C45-EE94-44FF-BE5A-A5B4E41B1C11}.Ad-Hoc|Any CPU.Build.0 = Release|x86
		{E5C90C45-EE94-44FF-BE5A-A5B4E41B1C11}.Ad-Hoc|Any CPU.Deploy.0 = Release|x86
		{E5C90C45-EE94-44FF-BE5A-A5B4E41B1C11}.Ad-Hoc|ARM.ActiveCfg = Release|ARM
		{E5C90C45-EE94-44FF-BE5A-A5B4E41B1C11}.Ad-Hoc|ARM.Build.0 = Release|ARM
		{E5C90C45-EE94-44FF-BE5A-A5B4E41B1C11}.Ad-Hoc|ARM.Deploy.0 = Release|ARM
		{E5C90C45-EE94-44FF-BE5A-A5B4E41B1C11}.Ad-Hoc|iPhone.ActiveCfg = Release|x86
		{E5C90C45-EE94-44FF-BE5A-A5B4E41B1C11}.Ad-Hoc|iPhone.Build.0 = Release|x86
		{E5C90C45-EE94-44FF-BE5A-A5B4E41B1C11}.Ad-Hoc|iPhone.Deploy.0 = Release|x86
		{E5C90C45-EE94-44FF-BE5A-A5B4E41B1C11}.Ad-Hoc|iPhoneSimulator.ActiveCfg = Release|x86
		{E5C90C45-EE94-44FF-BE5A-A5B4E41B1C11}.Ad-Hoc|iPhoneSimulator.Build.0 = Release|x86
		{E5C90C45-EE94-44FF-BE5A-A5B4E41B1C11}.Ad-Hoc|iPhoneSimulator.Deploy.0 = Release|x86
		{E5C90C45-EE94-44FF-BE5A-A5B4E41B1C11}.Ad-Hoc|x64.ActiveCfg = Release|x64
		{E5C90C45-EE94-44FF-BE5A-A5B4E41B1C11}.Ad-Hoc|x64.Build.0 = Release|x64
		{E5C90C45-EE94-44FF-BE5A-A5B4E41B1C11}.Ad-Hoc|x64.Deploy.0 = Release|x64
		{E5C90C45-EE94-44FF-BE5A-A5B4E41B1C11}.Ad-Hoc|x86.ActiveCfg = Release|x86
		{E5C90C45-EE94-44FF-BE5A-A5B4E41B1C11}.Ad-Hoc|x86.Build.0 = Release|x86
		{E5C90C45-EE94-44FF-BE5A-A5B4E41B1C11}.Ad-Hoc|x86.Deploy.0 = Release|x86
		{E5C90C45-EE94-44FF-BE5A-A5B4E41B1C11}.AppStore|Any CPU.ActiveCfg = Release|x86
		{E5C90C45-EE94-44FF-BE5A-A5B4E41B1C11}.AppStore|Any CPU.Build.0 = Release|x86
		{E5C90C45-EE94-44FF-BE5A-A5B4E41B1C11}.AppStore|Any CPU.Deploy.0 = Release|x86
		{E5C90C45-EE94-44FF-BE5A-A5B4E41B1C11}.AppStore|ARM.ActiveCfg = Release|ARM
		{E5C90C45-EE94-44FF-BE5A-A5B4E41B1C11}.AppStore|ARM.Build.0 = Release|ARM
		{E5C90C45-EE94-44FF-BE5A-A5B4E41B1C11}.AppStore|ARM.Deploy.0 = Release|ARM
		{E5C90C45-EE94-44FF-BE5A-A5B4E41B1C11}.AppStore|iPhone.ActiveCfg = Release|x86
		{E5C90C45-EE94-44FF-BE5A-A5B4E41B1C11}.AppStore|iPhone.Build.0 = Release|x86
		{E5C90C45-EE94-44FF-BE5A-A5B4E41B1C11}.AppStore|iPhone.Deploy.0 = Release|x86
		{E5C90C45-EE94-44FF-BE5A-A5B4E41B1C11}.AppStore|iPhoneSimulator.ActiveCfg = Release|x86
		{E5C90C45-EE94-44FF-BE5A-A5B4E41B1C11}.AppStore|iPhoneSimulator.Build.0 = Release|x86
		{E5C90C45-EE94-44FF-BE5A-A5B4E41B1C11}.AppStore|iPhoneSimulator.Deploy.0 = Release|x86
		{E5C90C45-EE94-44FF-BE5A-A5B4E41B1C11}.AppStore|x64.ActiveCfg = Release|x64
		{E5C90C45-EE94-44FF-BE5A-A5B4E41B1C11}.AppStore|x64.Build.0 = Release|x64
		{E5C90C45-EE94-44FF-BE5A-A5B4E41B1C11}.AppStore|x64.Deploy.0 = Release|x64
		{E5C90C45-EE94-44FF-BE5A-A5B4E41B1C11}.AppStore|x86.ActiveCfg = Release|x86
		{E5C90C45-EE94-44FF-BE5A-A5B4E41B1C11}.AppStore|x86.Build.0 = Release|x86
		{E5C90C45-EE94-44FF-BE5A-A5B4E41B1C11}.AppStore|x86.Deploy.0 = Release|x86
		{E5C90C45-EE94-44FF-BE5A-A5B4E41B1C11}.Debug|Any CPU.ActiveCfg = Debug|x86
		{E5C90C45-EE94-44FF-BE5A-A5B4E41B1C11}.Debug|ARM.ActiveCfg = Debug|ARM
		{E5C90C45-EE94-44FF-BE5A-A5B4E41B1C11}.Debug|ARM.Build.0 = Debug|ARM
		{E5C90C45-EE94-44FF-BE5A-A5B4E41B1C11}.Debug|ARM.Deploy.0 = Debug|ARM
		{E5C90C45-EE94-44FF-BE5A-A5B4E41B1C11}.Debug|iPhone.ActiveCfg = Debug|x86
		{E5C90C45-EE94-44FF-BE5A-A5B4E41B1C11}.Debug|iPhoneSimulator.ActiveCfg = Debug|x86
		{E5C90C45-EE94-44FF-BE5A-A5B4E41B1C11}.Debug|x64.ActiveCfg = Debug|x64
		{E5C90C45-EE94-44FF-BE5A-A5B4E41B1C11}.Debug|x64.Build.0 = Debug|x64
		{E5C90C45-EE94-44FF-BE5A-A5B4E41B1C11}.Debug|x64.Deploy.0 = Debug|x64
		{E5C90C45-EE94-44FF-BE5A-A5B4E41B1C11}.Debug|x86.ActiveCfg = Debug|x86
		{E5C90C45-EE94-44FF-BE5A-A5B4E41B1C11}.Debug|x86.Build.0 = Debug|x86
		{E5C90C45-EE94-44FF-BE5A-A5B4E41B1C11}.Debug|x86.Deploy.0 = Debug|x86
		{E5C90C45-EE94-44FF-BE5A-A5B4E41B1C11}.Release|Any CPU.ActiveCfg = Release|x86
		{E5C90C45-EE94-44FF-BE5A-A5B4E41B1C11}.Release|ARM.ActiveCfg = Release|ARM
		{E5C90C45-EE94-44FF-BE5A-A5B4E41B1C11}.Release|ARM.Build.0 = Release|ARM
		{E5C90C45-EE94-44FF-BE5A-A5B4E41B1C11}.Release|ARM.Deploy.0 = Release|ARM
		{E5C90C45-EE94-44FF-BE5A-A5B4E41B1C11}.Release|iPhone.ActiveCfg = Release|x86
		{E5C90C45-EE94-44FF-BE5A-A5B4E41B1C11}.Release|iPhoneSimulator.ActiveCfg = Release|x86
		{E5C90C45-EE94-44FF-BE5A-A5B4E41B1C11}.Release|x64.ActiveCfg = Release|x64
		{E5C90C45-EE94-44FF-BE5A-A5B4E41B1C11}.Release|x64.Build.0 = Release|x64
		{E5C90C45-EE94-44FF-BE5A-A5B4E41B1C11}.Release|x64.Deploy.0 = Release|x64
		{E5C90C45-EE94-44FF-BE5A-A5B4E41B1C11}.Release|x86.ActiveCfg = Release|x86
		{E5C90C45-EE94-44FF-BE5A-A5B4E41B1C11}.Release|x86.Build.0 = Release|x86
		{E5C90C45-EE94-44FF-BE5A-A5B4E41B1C11}.Release|x86.Deploy.0 = Release|x86
		{27A5E967-5656-453B-BEC9-9C7B093FC265}.Ad-Hoc|Any CPU.ActiveCfg = Release|Any CPU
		{27A5E967-5656-453B-BEC9-9C7B093FC265}.Ad-Hoc|Any CPU.Build.0 = Release|Any CPU
		{27A5E967-5656-453B-BEC9-9C7B093FC265}.Ad-Hoc|Any CPU.Deploy.0 = Release|Any CPU
		{27A5E967-5656-453B-BEC9-9C7B093FC265}.Ad-Hoc|ARM.ActiveCfg = Release|ARM
		{27A5E967-5656-453B-BEC9-9C7B093FC265}.Ad-Hoc|ARM.Build.0 = Release|ARM
		{27A5E967-5656-453B-BEC9-9C7B093FC265}.Ad-Hoc|ARM.Deploy.0 = Release|ARM
		{27A5E967-5656-453B-BEC9-9C7B093FC265}.Ad-Hoc|iPhone.ActiveCfg = Release|Any CPU
		{27A5E967-5656-453B-BEC9-9C7B093FC265}.Ad-Hoc|iPhone.Build.0 = Release|Any CPU
		{27A5E967-5656-453B-BEC9-9C7B093FC265}.Ad-Hoc|iPhone.Deploy.0 = Release|Any CPU
		{27A5E967-5656-453B-BEC9-9C7B093FC265}.Ad-Hoc|iPhoneSimulator.ActiveCfg = Release|Any CPU
		{27A5E967-5656-453B-BEC9-9C7B093FC265}.Ad-Hoc|iPhoneSimulator.Build.0 = Release|Any CPU
		{27A5E967-5656-453B-BEC9-9C7B093FC265}.Ad-Hoc|iPhoneSimulator.Deploy.0 = Release|Any CPU
		{27A5E967-5656-453B-BEC9-9C7B093FC265}.Ad-Hoc|x64.ActiveCfg = Release|x64
		{27A5E967-5656-453B-BEC9-9C7B093FC265}.Ad-Hoc|x64.Build.0 = Release|x64
		{27A5E967-5656-453B-BEC9-9C7B093FC265}.Ad-Hoc|x64.Deploy.0 = Release|x64
		{27A5E967-5656-453B-BEC9-9C7B093FC265}.Ad-Hoc|x86.ActiveCfg = Release|x86
		{27A5E967-5656-453B-BEC9-9C7B093FC265}.Ad-Hoc|x86.Build.0 = Release|x86
		{27A5E967-5656-453B-BEC9-9C7B093FC265}.Ad-Hoc|x86.Deploy.0 = Release|x86
		{27A5E967-5656-453B-BEC9-9C7B093FC265}.AppStore|Any CPU.ActiveCfg = Release|Any CPU
		{27A5E967-5656-453B-BEC9-9C7B093FC265}.AppStore|Any CPU.Build.0 = Release|Any CPU
		{27A5E967-5656-453B-BEC9-9C7B093FC265}.AppStore|Any CPU.Deploy.0 = Release|Any CPU
		{27A5E967-5656-453B-BEC9-9C7B093FC265}.AppStore|ARM.ActiveCfg = Release|ARM
		{27A5E967-5656-453B-BEC9-9C7B093FC265}.AppStore|ARM.Build.0 = Release|ARM
		{27A5E967-5656-453B-BEC9-9C7B093FC265}.AppStore|ARM.Deploy.0 = Release|ARM
		{27A5E967-5656-453B-BEC9-9C7B093FC265}.AppStore|iPhone.ActiveCfg = Release|Any CPU
		{27A5E967-5656-453B-BEC9-9C7B093FC265}.AppStore|iPhone.Build.0 = Release|Any CPU
		{27A5E967-5656-453B-BEC9-9C7B093FC265}.AppStore|iPhone.Deploy.0 = Release|Any CPU
		{27A5E967-5656-453B-BEC9-9C7B093FC265}.AppStore|iPhoneSimulator.ActiveCfg = Release|Any CPU
		{27A5E967-5656-453B-BEC9-9C7B093FC265}.AppStore|iPhoneSimulator.Build.0 = Release|Any CPU
		{27A5E967-5656-453B-BEC9-9C7B093FC265}.AppStore|iPhoneSimulator.Deploy.0 = Release|Any CPU
		{27A5E967-5656-453B-BEC9-9C7B093FC265}.AppStore|x64.ActiveCfg = Release|x64
		{27A5E967-5656-453B-BEC9-9C7B093FC265}.AppStore|x64.Build.0 = Release|x64
		{27A5E967-5656-453B-BEC9-9C7B093FC265}.AppStore|x64.Deploy.0 = Release|x64
		{27A5E967-5656-453B-BEC9-9C7B093FC265}.AppStore|x86.ActiveCfg = Release|x86
		{27A5E967-5656-453B-BEC9-9C7B093FC265}.AppStore|x86.Build.0 = Release|x86
		{27A5E967-5656-453B-BEC9-9C7B093FC265}.AppStore|x86.Deploy.0 = Release|x86
		{27A5E967-5656-453B-BEC9-9C7B093FC265}.Debug|Any CPU.ActiveCfg = Debug|Any CPU
		{27A5E967-5656-453B-BEC9-9C7B093FC265}.Debug|Any CPU.Build.0 = Debug|Any CPU
		{27A5E967-5656-453B-BEC9-9C7B093FC265}.Debug|Any CPU.Deploy.0 = Debug|Any CPU
		{27A5E967-5656-453B-BEC9-9C7B093FC265}.Debug|ARM.ActiveCfg = Debug|ARM
		{27A5E967-5656-453B-BEC9-9C7B093FC265}.Debug|ARM.Build.0 = Debug|ARM
		{27A5E967-5656-453B-BEC9-9C7B093FC265}.Debug|ARM.Deploy.0 = Debug|ARM
		{27A5E967-5656-453B-BEC9-9C7B093FC265}.Debug|iPhone.ActiveCfg = Debug|Any CPU
		{27A5E967-5656-453B-BEC9-9C7B093FC265}.Debug|iPhone.Build.0 = Debug|Any CPU
		{27A5E967-5656-453B-BEC9-9C7B093FC265}.Debug|iPhone.Deploy.0 = Debug|Any CPU
		{27A5E967-5656-453B-BEC9-9C7B093FC265}.Debug|iPhoneSimulator.ActiveCfg = Debug|Any CPU
		{27A5E967-5656-453B-BEC9-9C7B093FC265}.Debug|iPhoneSimulator.Build.0 = Debug|Any CPU
		{27A5E967-5656-453B-BEC9-9C7B093FC265}.Debug|iPhoneSimulator.Deploy.0 = Debug|Any CPU
		{27A5E967-5656-453B-BEC9-9C7B093FC265}.Debug|x64.ActiveCfg = Debug|x64
		{27A5E967-5656-453B-BEC9-9C7B093FC265}.Debug|x64.Build.0 = Debug|x64
		{27A5E967-5656-453B-BEC9-9C7B093FC265}.Debug|x64.Deploy.0 = Debug|x64
		{27A5E967-5656-453B-BEC9-9C7B093FC265}.Debug|x86.ActiveCfg = Debug|x86
		{27A5E967-5656-453B-BEC9-9C7B093FC265}.Debug|x86.Build.0 = Debug|x86
		{27A5E967-5656-453B-BEC9-9C7B093FC265}.Debug|x86.Deploy.0 = Debug|x86
		{27A5E967-5656-453B-BEC9-9C7B093FC265}.Release|Any CPU.ActiveCfg = Release|Any CPU
		{27A5E967-5656-453B-BEC9-9C7B093FC265}.Release|Any CPU.Build.0 = Release|Any CPU
		{27A5E967-5656-453B-BEC9-9C7B093FC265}.Release|Any CPU.Deploy.0 = Release|Any CPU
		{27A5E967-5656-453B-BEC9-9C7B093FC265}.Release|ARM.ActiveCfg = Release|ARM
		{27A5E967-5656-453B-BEC9-9C7B093FC265}.Release|ARM.Build.0 = Release|ARM
		{27A5E967-5656-453B-BEC9-9C7B093FC265}.Release|ARM.Deploy.0 = Release|ARM
		{27A5E967-5656-453B-BEC9-9C7B093FC265}.Release|iPhone.ActiveCfg = Release|Any CPU
		{27A5E967-5656-453B-BEC9-9C7B093FC265}.Release|iPhone.Build.0 = Release|Any CPU
		{27A5E967-5656-453B-BEC9-9C7B093FC265}.Release|iPhone.Deploy.0 = Release|Any CPU
		{27A5E967-5656-453B-BEC9-9C7B093FC265}.Release|iPhoneSimulator.ActiveCfg = Release|Any CPU
		{27A5E967-5656-453B-BEC9-9C7B093FC265}.Release|iPhoneSimulator.Build.0 = Release|Any CPU
		{27A5E967-5656-453B-BEC9-9C7B093FC265}.Release|iPhoneSimulator.Deploy.0 = Release|Any CPU
		{27A5E967-5656-453B-BEC9-9C7B093FC265}.Release|x64.ActiveCfg = Release|x64
		{27A5E967-5656-453B-BEC9-9C7B093FC265}.Release|x64.Build.0 = Release|x64
		{27A5E967-5656-453B-BEC9-9C7B093FC265}.Release|x64.Deploy.0 = Release|x64
		{27A5E967-5656-453B-BEC9-9C7B093FC265}.Release|x86.ActiveCfg = Release|x86
		{27A5E967-5656-453B-BEC9-9C7B093FC265}.Release|x86.Build.0 = Release|x86
		{27A5E967-5656-453B-BEC9-9C7B093FC265}.Release|x86.Deploy.0 = Release|x86
		{67F9D3A8-F71E-4428-913F-C37AE82CDB24}.Ad-Hoc|Any CPU.ActiveCfg = Release|Any CPU
		{67F9D3A8-F71E-4428-913F-C37AE82CDB24}.Ad-Hoc|Any CPU.Build.0 = Release|Any CPU
		{67F9D3A8-F71E-4428-913F-C37AE82CDB24}.Ad-Hoc|ARM.ActiveCfg = Release|Any CPU
		{67F9D3A8-F71E-4428-913F-C37AE82CDB24}.Ad-Hoc|ARM.Build.0 = Release|Any CPU
		{67F9D3A8-F71E-4428-913F-C37AE82CDB24}.Ad-Hoc|iPhone.ActiveCfg = Release|Any CPU
		{67F9D3A8-F71E-4428-913F-C37AE82CDB24}.Ad-Hoc|iPhone.Build.0 = Release|Any CPU
		{67F9D3A8-F71E-4428-913F-C37AE82CDB24}.Ad-Hoc|iPhoneSimulator.ActiveCfg = Release|Any CPU
		{67F9D3A8-F71E-4428-913F-C37AE82CDB24}.Ad-Hoc|iPhoneSimulator.Build.0 = Release|Any CPU
		{67F9D3A8-F71E-4428-913F-C37AE82CDB24}.Ad-Hoc|x64.ActiveCfg = Release|Any CPU
		{67F9D3A8-F71E-4428-913F-C37AE82CDB24}.Ad-Hoc|x64.Build.0 = Release|Any CPU
		{67F9D3A8-F71E-4428-913F-C37AE82CDB24}.Ad-Hoc|x86.ActiveCfg = Release|Any CPU
		{67F9D3A8-F71E-4428-913F-C37AE82CDB24}.Ad-Hoc|x86.Build.0 = Release|Any CPU
		{67F9D3A8-F71E-4428-913F-C37AE82CDB24}.AppStore|Any CPU.ActiveCfg = Release|Any CPU
		{67F9D3A8-F71E-4428-913F-C37AE82CDB24}.AppStore|Any CPU.Build.0 = Release|Any CPU
		{67F9D3A8-F71E-4428-913F-C37AE82CDB24}.AppStore|ARM.ActiveCfg = Release|Any CPU
		{67F9D3A8-F71E-4428-913F-C37AE82CDB24}.AppStore|ARM.Build.0 = Release|Any CPU
		{67F9D3A8-F71E-4428-913F-C37AE82CDB24}.AppStore|iPhone.ActiveCfg = Release|Any CPU
		{67F9D3A8-F71E-4428-913F-C37AE82CDB24}.AppStore|iPhone.Build.0 = Release|Any CPU
		{67F9D3A8-F71E-4428-913F-C37AE82CDB24}.AppStore|iPhoneSimulator.ActiveCfg = Release|Any CPU
		{67F9D3A8-F71E-4428-913F-C37AE82CDB24}.AppStore|iPhoneSimulator.Build.0 = Release|Any CPU
		{67F9D3A8-F71E-4428-913F-C37AE82CDB24}.AppStore|x64.ActiveCfg = Release|Any CPU
		{67F9D3A8-F71E-4428-913F-C37AE82CDB24}.AppStore|x64.Build.0 = Release|Any CPU
		{67F9D3A8-F71E-4428-913F-C37AE82CDB24}.AppStore|x86.ActiveCfg = Release|Any CPU
		{67F9D3A8-F71E-4428-913F-C37AE82CDB24}.AppStore|x86.Build.0 = Release|Any CPU
		{67F9D3A8-F71E-4428-913F-C37AE82CDB24}.Debug|Any CPU.ActiveCfg = Debug|Any CPU
		{67F9D3A8-F71E-4428-913F-C37AE82CDB24}.Debug|Any CPU.Build.0 = Debug|Any CPU
		{67F9D3A8-F71E-4428-913F-C37AE82CDB24}.Debug|ARM.ActiveCfg = Debug|Any CPU
		{67F9D3A8-F71E-4428-913F-C37AE82CDB24}.Debug|ARM.Build.0 = Debug|Any CPU
		{67F9D3A8-F71E-4428-913F-C37AE82CDB24}.Debug|iPhone.ActiveCfg = Debug|Any CPU
		{67F9D3A8-F71E-4428-913F-C37AE82CDB24}.Debug|iPhone.Build.0 = Debug|Any CPU
		{67F9D3A8-F71E-4428-913F-C37AE82CDB24}.Debug|iPhoneSimulator.ActiveCfg = Debug|Any CPU
		{67F9D3A8-F71E-4428-913F-C37AE82CDB24}.Debug|iPhoneSimulator.Build.0 = Debug|Any CPU
		{67F9D3A8-F71E-4428-913F-C37AE82CDB24}.Debug|x64.ActiveCfg = Debug|Any CPU
		{67F9D3A8-F71E-4428-913F-C37AE82CDB24}.Debug|x64.Build.0 = Debug|Any CPU
		{67F9D3A8-F71E-4428-913F-C37AE82CDB24}.Debug|x86.ActiveCfg = Debug|Any CPU
		{67F9D3A8-F71E-4428-913F-C37AE82CDB24}.Debug|x86.Build.0 = Debug|Any CPU
		{67F9D3A8-F71E-4428-913F-C37AE82CDB24}.Release|Any CPU.ActiveCfg = Release|Any CPU
		{67F9D3A8-F71E-4428-913F-C37AE82CDB24}.Release|Any CPU.Build.0 = Release|Any CPU
		{67F9D3A8-F71E-4428-913F-C37AE82CDB24}.Release|ARM.ActiveCfg = Release|Any CPU
		{67F9D3A8-F71E-4428-913F-C37AE82CDB24}.Release|ARM.Build.0 = Release|Any CPU
		{67F9D3A8-F71E-4428-913F-C37AE82CDB24}.Release|iPhone.ActiveCfg = Release|Any CPU
		{67F9D3A8-F71E-4428-913F-C37AE82CDB24}.Release|iPhone.Build.0 = Release|Any CPU
		{67F9D3A8-F71E-4428-913F-C37AE82CDB24}.Release|iPhoneSimulator.ActiveCfg = Release|Any CPU
		{67F9D3A8-F71E-4428-913F-C37AE82CDB24}.Release|iPhoneSimulator.Build.0 = Release|Any CPU
		{67F9D3A8-F71E-4428-913F-C37AE82CDB24}.Release|x64.ActiveCfg = Release|Any CPU
		{67F9D3A8-F71E-4428-913F-C37AE82CDB24}.Release|x64.Build.0 = Release|Any CPU
		{67F9D3A8-F71E-4428-913F-C37AE82CDB24}.Release|x86.ActiveCfg = Release|Any CPU
		{67F9D3A8-F71E-4428-913F-C37AE82CDB24}.Release|x86.Build.0 = Release|Any CPU
		{94FEEC16-62D2-4F71-9A1C-3DC74BC12130}.Ad-Hoc|Any CPU.ActiveCfg = Release|Any CPU
		{94FEEC16-62D2-4F71-9A1C-3DC74BC12130}.Ad-Hoc|Any CPU.Build.0 = Release|Any CPU
		{94FEEC16-62D2-4F71-9A1C-3DC74BC12130}.Ad-Hoc|ARM.ActiveCfg = Release|Any CPU
		{94FEEC16-62D2-4F71-9A1C-3DC74BC12130}.Ad-Hoc|ARM.Build.0 = Release|Any CPU
		{94FEEC16-62D2-4F71-9A1C-3DC74BC12130}.Ad-Hoc|iPhone.ActiveCfg = Release|Any CPU
		{94FEEC16-62D2-4F71-9A1C-3DC74BC12130}.Ad-Hoc|iPhone.Build.0 = Release|Any CPU
		{94FEEC16-62D2-4F71-9A1C-3DC74BC12130}.Ad-Hoc|iPhoneSimulator.ActiveCfg = Release|Any CPU
		{94FEEC16-62D2-4F71-9A1C-3DC74BC12130}.Ad-Hoc|iPhoneSimulator.Build.0 = Release|Any CPU
		{94FEEC16-62D2-4F71-9A1C-3DC74BC12130}.Ad-Hoc|x64.ActiveCfg = Release|Any CPU
		{94FEEC16-62D2-4F71-9A1C-3DC74BC12130}.Ad-Hoc|x64.Build.0 = Release|Any CPU
		{94FEEC16-62D2-4F71-9A1C-3DC74BC12130}.Ad-Hoc|x86.ActiveCfg = Release|Any CPU
		{94FEEC16-62D2-4F71-9A1C-3DC74BC12130}.Ad-Hoc|x86.Build.0 = Release|Any CPU
		{94FEEC16-62D2-4F71-9A1C-3DC74BC12130}.AppStore|Any CPU.ActiveCfg = Release|Any CPU
		{94FEEC16-62D2-4F71-9A1C-3DC74BC12130}.AppStore|Any CPU.Build.0 = Release|Any CPU
		{94FEEC16-62D2-4F71-9A1C-3DC74BC12130}.AppStore|ARM.ActiveCfg = Release|Any CPU
		{94FEEC16-62D2-4F71-9A1C-3DC74BC12130}.AppStore|ARM.Build.0 = Release|Any CPU
		{94FEEC16-62D2-4F71-9A1C-3DC74BC12130}.AppStore|iPhone.ActiveCfg = Release|Any CPU
		{94FEEC16-62D2-4F71-9A1C-3DC74BC12130}.AppStore|iPhone.Build.0 = Release|Any CPU
		{94FEEC16-62D2-4F71-9A1C-3DC74BC12130}.AppStore|iPhoneSimulator.ActiveCfg = Release|Any CPU
		{94FEEC16-62D2-4F71-9A1C-3DC74BC12130}.AppStore|iPhoneSimulator.Build.0 = Release|Any CPU
		{94FEEC16-62D2-4F71-9A1C-3DC74BC12130}.AppStore|x64.ActiveCfg = Release|Any CPU
		{94FEEC16-62D2-4F71-9A1C-3DC74BC12130}.AppStore|x64.Build.0 = Release|Any CPU
		{94FEEC16-62D2-4F71-9A1C-3DC74BC12130}.AppStore|x86.ActiveCfg = Release|Any CPU
		{94FEEC16-62D2-4F71-9A1C-3DC74BC12130}.AppStore|x86.Build.0 = Release|Any CPU
		{94FEEC16-62D2-4F71-9A1C-3DC74BC12130}.Debug|Any CPU.ActiveCfg = Debug|Any CPU
		{94FEEC16-62D2-4F71-9A1C-3DC74BC12130}.Debug|Any CPU.Build.0 = Debug|Any CPU
		{94FEEC16-62D2-4F71-9A1C-3DC74BC12130}.Debug|ARM.ActiveCfg = Debug|Any CPU
		{94FEEC16-62D2-4F71-9A1C-3DC74BC12130}.Debug|ARM.Build.0 = Debug|Any CPU
		{94FEEC16-62D2-4F71-9A1C-3DC74BC12130}.Debug|iPhone.ActiveCfg = Debug|Any CPU
		{94FEEC16-62D2-4F71-9A1C-3DC74BC12130}.Debug|iPhone.Build.0 = Debug|Any CPU
		{94FEEC16-62D2-4F71-9A1C-3DC74BC12130}.Debug|iPhoneSimulator.ActiveCfg = Debug|Any CPU
		{94FEEC16-62D2-4F71-9A1C-3DC74BC12130}.Debug|iPhoneSimulator.Build.0 = Debug|Any CPU
		{94FEEC16-62D2-4F71-9A1C-3DC74BC12130}.Debug|x64.ActiveCfg = Debug|Any CPU
		{94FEEC16-62D2-4F71-9A1C-3DC74BC12130}.Debug|x64.Build.0 = Debug|Any CPU
		{94FEEC16-62D2-4F71-9A1C-3DC74BC12130}.Debug|x86.ActiveCfg = Debug|Any CPU
		{94FEEC16-62D2-4F71-9A1C-3DC74BC12130}.Debug|x86.Build.0 = Debug|Any CPU
		{94FEEC16-62D2-4F71-9A1C-3DC74BC12130}.Release|Any CPU.ActiveCfg = Release|Any CPU
		{94FEEC16-62D2-4F71-9A1C-3DC74BC12130}.Release|Any CPU.Build.0 = Release|Any CPU
		{94FEEC16-62D2-4F71-9A1C-3DC74BC12130}.Release|ARM.ActiveCfg = Release|Any CPU
		{94FEEC16-62D2-4F71-9A1C-3DC74BC12130}.Release|ARM.Build.0 = Release|Any CPU
		{94FEEC16-62D2-4F71-9A1C-3DC74BC12130}.Release|iPhone.ActiveCfg = Release|Any CPU
		{94FEEC16-62D2-4F71-9A1C-3DC74BC12130}.Release|iPhone.Build.0 = Release|Any CPU
		{94FEEC16-62D2-4F71-9A1C-3DC74BC12130}.Release|iPhoneSimulator.ActiveCfg = Release|Any CPU
		{94FEEC16-62D2-4F71-9A1C-3DC74BC12130}.Release|iPhoneSimulator.Build.0 = Release|Any CPU
		{94FEEC16-62D2-4F71-9A1C-3DC74BC12130}.Release|x64.ActiveCfg = Release|Any CPU
		{94FEEC16-62D2-4F71-9A1C-3DC74BC12130}.Release|x64.Build.0 = Release|Any CPU
		{94FEEC16-62D2-4F71-9A1C-3DC74BC12130}.Release|x86.ActiveCfg = Release|Any CPU
		{94FEEC16-62D2-4F71-9A1C-3DC74BC12130}.Release|x86.Build.0 = Release|Any CPU
	EndGlobalSection
	GlobalSection(SolutionProperties) = preSolution
		HideSolutionNode = FALSE
	EndGlobalSection
	GlobalSection(NestedProjects) = preSolution
		{9C7A2A41-7FA6-4FC5-9ECF-EA082FC5DD81} = {BA8D3666-DA6F-4D3F-9623-8890C459C2F7}
		{456CB9F8-1D31-460C-AD5B-624FB7AAC074} = {BA8D3666-DA6F-4D3F-9623-8890C459C2F7}
		{E5C90C45-EE94-44FF-BE5A-A5B4E41B1C11} = {BA8D3666-DA6F-4D3F-9623-8890C459C2F7}
		{27A5E967-5656-453B-BEC9-9C7B093FC265} = {BA8D3666-DA6F-4D3F-9623-8890C459C2F7}
	EndGlobalSection
EndGlobal
